version = 1
revision = 3
requires-python = ">=3.12"
resolution-markers = [
    "python_full_version >= '3.13'",
    "python_full_version < '3.13'",
]

[options]
resolution-mode = "lowest-direct"

[[package]]
name = "annotated-types"
version = "0.7.0"
source = { registry = "https://pypi.org/simple" }
sdist = { url = "https://files.pythonhosted.org/packages/ee/67/531ea369ba64dcff5ec9c3402f9f51bf748cec26dde048a2f973a4eea7f5/annotated_types-0.7.0.tar.gz", hash = "sha256:aff07c09a53a08bc8cfccb9c85b05f1aa9a2a6f23728d790723543408344ce89", size = 16081, upload-time = "2024-05-20T21:33:25.928Z" }
wheels = [
    { url = "https://files.pythonhosted.org/packages/78/b6/6307fbef88d9b5ee7421e68d78a9f162e0da4900bc5f5793f6d3d0e34fb8/annotated_types-0.7.0-py3-none-any.whl", hash = "sha256:1f02e8b43a8fbbc3f3e0d4f0f4bfc8131bcb4eebe8849b8e5c773f3a1c582a53", size = 13643, upload-time = "2024-05-20T21:33:24.1Z" },
]

[[package]]
name = "asgiref"
version = "3.9.1"
source = { registry = "https://pypi.org/simple" }
sdist = { url = "https://files.pythonhosted.org/packages/90/61/0aa957eec22ff70b830b22ff91f825e70e1ef732c06666a805730f28b36b/asgiref-3.9.1.tar.gz", hash = "sha256:a5ab6582236218e5ef1648f242fd9f10626cfd4de8dc377db215d5d5098e3142", size = 36870, upload-time = "2025-07-08T09:07:43.344Z" }
wheels = [
    { url = "https://files.pythonhosted.org/packages/7c/3c/0464dcada90d5da0e71018c04a140ad6349558afb30b3051b4264cc5b965/asgiref-3.9.1-py3-none-any.whl", hash = "sha256:f3bba7092a48005b5f5bacd747d36ee4a5a61f4a269a6df590b43144355ebd2c", size = 23790, upload-time = "2025-07-08T09:07:41.548Z" },
]

[[package]]
name = "beautifulsoup4"
version = "4.0.1"
source = { registry = "https://pypi.org/simple" }
sdist = { url = "https://files.pythonhosted.org/packages/6f/be/99dcf74d947cc1e7abef5d0c4572abcb479c33ef791d94453a8fd7987d8f/beautifulsoup4-4.0.1.tar.gz", hash = "sha256:dc6bc8e8851a1c590c8cc8f25915180fdcce116e268d1f37fa991d2686ea38de", size = 51024, upload-time = "2014-01-21T05:35:05.558Z" }

[[package]]
name = "cfgv"
version = "3.4.0"
source = { registry = "https://pypi.org/simple" }
sdist = { url = "https://files.pythonhosted.org/packages/11/74/539e56497d9bd1d484fd863dd69cbbfa653cd2aa27abfe35653494d85e94/cfgv-3.4.0.tar.gz", hash = "sha256:e52591d4c5f5dead8e0f673fb16db7949d2cfb3f7da4582893288f0ded8fe560", size = 7114, upload-time = "2023-08-12T20:38:17.776Z" }
wheels = [
    { url = "https://files.pythonhosted.org/packages/c5/55/51844dd50c4fc7a33b653bfaba4c2456f06955289ca770a5dbd5fd267374/cfgv-3.4.0-py2.py3-none-any.whl", hash = "sha256:b7265b1f29fd3316bfcd2b330d63d024f2bfd8bcb8b0272f8e19a504856c48f9", size = 7249, upload-time = "2023-08-12T20:38:16.269Z" },
]

[[package]]
name = "distlib"
version = "0.4.0"
source = { registry = "https://pypi.org/simple" }
sdist = { url = "https://files.pythonhosted.org/packages/96/8e/709914eb2b5749865801041647dc7f4e6d00b549cfe88b65ca192995f07c/distlib-0.4.0.tar.gz", hash = "sha256:feec40075be03a04501a973d81f633735b4b69f98b05450592310c0f401a4e0d", size = 614605, upload-time = "2025-07-17T16:52:00.465Z" }
wheels = [
    { url = "https://files.pythonhosted.org/packages/33/6b/e0547afaf41bf2c42e52430072fa5658766e3d65bd4b03a563d1b6336f57/distlib-0.4.0-py2.py3-none-any.whl", hash = "sha256:9659f7d87e46584a30b5780e43ac7a2143098441670ff0a49d5f9034c54a6c16", size = 469047, upload-time = "2025-07-17T16:51:58.613Z" },
]

[[package]]
name = "django"
version = "5.0"
source = { registry = "https://pypi.org/simple" }
dependencies = [
    { name = "asgiref" },
    { name = "sqlparse" },
    { name = "tzdata", marker = "sys_platform == 'win32'" },
]
sdist = { url = "https://files.pythonhosted.org/packages/be/a6/46e250737d46e955e048f6bbc2948fb22f0de3f3ab828d3803070dc1260e/Django-5.0.tar.gz", hash = "sha256:7d29e14dfbc19cb6a95a4bd669edbde11f5d4c6a71fdaa42c2d40b6846e807f7", size = 10585390, upload-time = "2023-12-04T13:12:50.251Z" }
wheels = [
    { url = "https://files.pythonhosted.org/packages/ba/c7/61b02c0ef9e129080a8c2bffefb3cb2b9ddddece4c44dc473c1c4f0647c1/Django-5.0-py3-none-any.whl", hash = "sha256:3a9fd52b8dbeae335ddf4a9dfa6c6a0853a1122f1fb071a8d5eca979f73a05c8", size = 8136382, upload-time = "2023-12-04T13:12:41.502Z" },
]

[[package]]
name = "django-redis"
version = "5.0.0"
source = { registry = "https://pypi.org/simple" }
dependencies = [
    { name = "django" },
    { name = "redis" },
]
sdist = { url = "https://files.pythonhosted.org/packages/07/23/c9f2ea5771196568d31e87ccc84a7859da9814171652abb4b2002410fe47/django-redis-5.0.0.tar.gz", hash = "sha256:048f665bbe27f8ff2edebae6aa9c534ab137f1e8fa7234147ef470df3f3aa9b8", size = 47508, upload-time = "2021-05-30T22:45:37.771Z" }
wheels = [
    { url = "https://files.pythonhosted.org/packages/44/b8/1d02e873ebca6ecb3d42fc55e4130daa7c839df79b9ad5c454f6e3361827/django_redis-5.0.0-py3-none-any.whl", hash = "sha256:97739ca9de3f964c51412d1d7d8aecdfd86737bb197fce6e1ff12620c63c97ee", size = 29882, upload-time = "2021-05-30T22:45:35.235Z" },
]

[[package]]
name = "djangorestframework"
version = "3.0.0"
source = { registry = "https://pypi.org/simple" }
sdist = { url = "https://files.pythonhosted.org/packages/4a/59/aea8efcf664858027ba4d7af2ace3efeee49f7e6ea98479023cc213311c2/djangorestframework-3.0.0.tar.gz", hash = "sha256:8c10804339580a7111af56ad32edc1914afcf640a870ced113a7c2155baa90f0", size = 269705, upload-time = "2014-12-01T12:18:41.55Z" }

[[package]]
name = "drf-caching"
version = "1.6.0"
source = { editable = "." }
dependencies = [
    { name = "beautifulsoup4" },
    { name = "django" },
    { name = "django-redis" },
    { name = "djangorestframework" },
    { name = "lxml" },
    { name = "pydantic" },
]

[package.dev-dependencies]
development = [
    { name = "pre-commit" },
    { name = "ruff" },
]

[package.metadata]
requires-dist = [
    { name = "beautifulsoup4", specifier = ">=4.0.1,<5.0.0" },
    { name = "django", specifier = ">=5.0.0,<6.0.0" },
    { name = "django-redis", specifier = ">=5.0.0,<6.0.0" },
    { name = "djangorestframework", specifier = ">=3.0.0,<4.0.0" },
    { name = "lxml", specifier = ">=5.0.1,<6.0.0" },
    { name = "pydantic", specifier = ">=2.8.0,<3.0.0" },
]

[package.metadata.requires-dev]
development = [
    { name = "pre-commit", specifier = "==4.0.1" },
    { name = "ruff", specifier = "==0.8.6" },
]

[[package]]
name = "filelock"
version = "3.18.0"
source = { registry = "https://pypi.org/simple" }
sdist = { url = "https://files.pythonhosted.org/packages/0a/10/c23352565a6544bdc5353e0b15fc1c563352101f30e24bf500207a54df9a/filelock-3.18.0.tar.gz", hash = "sha256:adbc88eabb99d2fec8c9c1b229b171f18afa655400173ddc653d5d01501fb9f2", size = 18075, upload-time = "2025-03-14T07:11:40.47Z" }
wheels = [
    { url = "https://files.pythonhosted.org/packages/4d/36/2a115987e2d8c300a974597416d9de88f2444426de9571f4b59b2cca3acc/filelock-3.18.0-py3-none-any.whl", hash = "sha256:c401f4f8377c4464e6db25fff06205fd89bdd83b65eb0488ed1b160f780e21de", size = 16215, upload-time = "2025-03-14T07:11:39.145Z" },
]

[[package]]
name = "identify"
version = "2.6.13"
source = { registry = "https://pypi.org/simple" }
sdist = { url = "https://files.pythonhosted.org/packages/82/ca/ffbabe3635bb839aa36b3a893c91a9b0d368cb4d8073e03a12896970af82/identify-2.6.13.tar.gz", hash = "sha256:da8d6c828e773620e13bfa86ea601c5a5310ba4bcd65edf378198b56a1f9fb32", size = 99243, upload-time = "2025-08-09T19:35:00.6Z" }
wheels = [
    { url = "https://files.pythonhosted.org/packages/e7/ce/461b60a3ee109518c055953729bf9ed089a04db895d47e95444071dcdef2/identify-2.6.13-py2.py3-none-any.whl", hash = "sha256:60381139b3ae39447482ecc406944190f690d4a2997f2584062089848361b33b", size = 99153, upload-time = "2025-08-09T19:34:59.1Z" },
]

[[package]]
name = "lxml"
version = "5.0.1"
source = { registry = "https://pypi.org/simple" }
sdist = { url = "https://files.pythonhosted.org/packages/83/18/1d0c7cf3df839cc2827a0deee2e4b42f4048bc4c1c15612271e2db3928e5/lxml-5.0.1.tar.gz", hash = "sha256:4432a1d89a9b340bc6bd1201aef3ba03112f151d3f340d9218247dc0c85028ab", size = 3858871, upload-time = "2024-01-05T20:01:54.584Z" }
wheels = [
    { url = "https://files.pythonhosted.org/packages/52/2a/baa0dc426fcf9462e233cf1058b327c8c5b9b2bddc16cfbe30a22e29da5e/lxml-5.0.1-cp312-cp312-macosx_11_0_universal2.whl", hash = "sha256:473f2d0511dd84697326ee9362b0c0c2e9f99a433dcb1fbb5aa8df3d1b2185db", size = 8791052, upload-time = "2024-01-05T19:38:55.643Z" },
    { url = "https://files.pythonhosted.org/packages/8d/5e/a183e4ed0c4591efa0b35255c9feffd5951b70d3f9fac6fec4f2a41eb4b7/lxml-5.0.1-cp312-cp312-manylinux_2_28_aarch64.whl", hash = "sha256:62a3c0fdf70f785cd29824666d1dcea88c207f0b73ddbc28fb7a6a1a5bbb1af7", size = 7801898, upload-time = "2024-01-05T19:39:01.17Z" },
    { url = "https://files.pythonhosted.org/packages/74/62/5438904622471dc6de7c64d75672c2d329ab4a8bf41417b58ff7796710cd/lxml-5.0.1-cp312-cp312-manylinux_2_28_x86_64.whl", hash = "sha256:83ff41e1bc0666f31acda52407d869ea257f232c2d9394806647a0e7454de73e", size = 8146402, upload-time = "2024-01-05T19:39:05.867Z" },
    { url = "https://files.pythonhosted.org/packages/f4/63/846a4e919d345664a97c0f62f6f194f4dd8dc29ff00ad69dd3980cd4a8c2/lxml-5.0.1-cp312-cp312-musllinux_1_1_aarch64.whl", hash = "sha256:42069ce16dab9755b381b90defd846ca407b9ead05dc20732fd5502b5cc49b87", size = 7689994, upload-time = "2024-01-05T19:39:09.958Z" },
    { url = "https://files.pythonhosted.org/packages/36/2a/604c883965748fc3fcb17bdc2b03592122e2ac3a8bd950c9d06fce0504b4/lxml-5.0.1-cp312-cp312-musllinux_1_1_x86_64.whl", hash = "sha256:737a4dba9f7ee842c6597f719dda2eabeeaefe42443f7f24de20c262f88527cd", size = 7969425, upload-time = "2024-01-05T19:39:14.211Z" },
    { url = "https://files.pythonhosted.org/packages/cf/1f/ddc1bc6ddf430f5fde63865f13b40725515f39d66efec295123b890f556a/lxml-5.0.1-cp312-cp312-win32.whl", hash = "sha256:67ddff0272905a0b78a2c3ea01487e0551cc38094cd5994f73af370f355ecb47", size = 3572105, upload-time = "2024-01-05T19:39:17.703Z" },
    { url = "https://files.pythonhosted.org/packages/63/f8/172c06f9bbe327622d94ccbf74a3f5400b71d0d3ade217f82acb7895d26d/lxml-5.0.1-cp312-cp312-win_amd64.whl", hash = "sha256:a28eab2d9ea79b830be50e3350d827ae8abf5b23e278e14929824d5ab2069008", size = 3914805, upload-time = "2024-01-05T19:39:21.646Z" },
]

[[package]]
name = "nodeenv"
version = "1.9.1"
source = { registry = "https://pypi.org/simple" }
sdist = { url = "https://files.pythonhosted.org/packages/43/16/fc88b08840de0e0a72a2f9d8c6bae36be573e475a6326ae854bcc549fc45/nodeenv-1.9.1.tar.gz", hash = "sha256:6ec12890a2dab7946721edbfbcd91f3319c6ccc9aec47be7c7e6b7011ee6645f", size = 47437, upload-time = "2024-06-04T18:44:11.171Z" }
wheels = [
    { url = "https://files.pythonhosted.org/packages/d2/1d/1b658dbd2b9fa9c4c9f32accbfc0205d532c8c6194dc0f2a4c0428e7128a/nodeenv-1.9.1-py2.py3-none-any.whl", hash = "sha256:ba11c9782d29c27c70ffbdda2d7415098754709be8a7056d79a737cd901155c9", size = 22314, upload-time = "2024-06-04T18:44:08.352Z" },
]

[[package]]
name = "platformdirs"
version = "4.3.8"
source = { registry = "https://pypi.org/simple" }
sdist = { url = "https://files.pythonhosted.org/packages/fe/8b/3c73abc9c759ecd3f1f7ceff6685840859e8070c4d947c93fae71f6a0bf2/platformdirs-4.3.8.tar.gz", hash = "sha256:3d512d96e16bcb959a814c9f348431070822a6496326a4be0911c40b5a74c2bc", size = 21362, upload-time = "2025-05-07T22:47:42.121Z" }
wheels = [
    { url = "https://files.pythonhosted.org/packages/fe/39/979e8e21520d4e47a0bbe349e2713c0aac6f3d853d0e5b34d76206c439aa/platformdirs-4.3.8-py3-none-any.whl", hash = "sha256:ff7059bb7eb1179e2685604f4aaf157cfd9535242bd23742eadc3c13542139b4", size = 18567, upload-time = "2025-05-07T22:47:40.376Z" },
]

[[package]]
name = "pre-commit"
version = "4.0.1"
source = { registry = "https://pypi.org/simple" }
dependencies = [
    { name = "cfgv" },
    { name = "identify" },
    { name = "nodeenv" },
    { name = "pyyaml" },
    { name = "virtualenv" },
]
sdist = { url = "https://files.pythonhosted.org/packages/2e/c8/e22c292035f1bac8b9f5237a2622305bc0304e776080b246f3df57c4ff9f/pre_commit-4.0.1.tar.gz", hash = "sha256:80905ac375958c0444c65e9cebebd948b3cdb518f335a091a670a89d652139d2", size = 191678, upload-time = "2024-10-08T16:09:37.641Z" }
wheels = [
    { url = "https://files.pythonhosted.org/packages/16/8f/496e10d51edd6671ebe0432e33ff800aa86775d2d147ce7d43389324a525/pre_commit-4.0.1-py2.py3-none-any.whl", hash = "sha256:efde913840816312445dc98787724647c65473daefe420785f885e8ed9a06878", size = 218713, upload-time = "2024-10-08T16:09:35.726Z" },
]

[[package]]
name = "pydantic"
version = "2.8.0"
source = { registry = "https://pypi.org/simple" }
dependencies = [
    { name = "annotated-types" },
    { name = "pydantic-core" },
    { name = "typing-extensions" },
]
sdist = { url = "https://files.pythonhosted.org/packages/8b/7b/23dc30fba5793d7be3307f33bebb36e08f78f8af9c03fce608833f01bebd/pydantic-2.8.0.tar.gz", hash = "sha256:d970ffb9d030b710795878940bd0489842c638e7252fc4a19c3ae2f7da4d6141", size = 738772, upload-time = "2024-07-01T15:56:14.978Z" }
wheels = [
    { url = "https://files.pythonhosted.org/packages/d3/07/bbfddb7b532b727a5769a8468a67ab388e74c029d4940e5de6b25231aba2/pydantic-2.8.0-py3-none-any.whl", hash = "sha256:ead4f3a1e92386a734ca1411cb25d94147cf8778ed5be6b56749047676d6364e", size = 423079, upload-time = "2024-07-01T15:56:10.678Z" },
]

[[package]]
name = "pydantic-core"
version = "2.20.0"
source = { registry = "https://pypi.org/simple" }
dependencies = [
    { name = "typing-extensions" },
]
sdist = { url = "https://files.pythonhosted.org/packages/7d/fa/9802d053f33dbcf110d46e3f28667b06cd764b164f1e3f4189848cdd6e78/pydantic_core-2.20.0.tar.gz", hash = "sha256:366be8e64e0cb63d87cf79b4e1765c0703dd6313c729b22e7b9e378db6b96877", size = 388463, upload-time = "2024-06-25T01:10:23.469Z" }
wheels = [
    { url = "https://files.pythonhosted.org/packages/c3/d7/b748dc1e92f019d0bf49dd62762425a1d4c713250b5dfac82616648a0e8c/pydantic_core-2.20.0-cp312-cp312-macosx_10_12_x86_64.whl", hash = "sha256:d6f8c49657f3eb7720ed4c9b26624063da14937fc94d1812f1e04a2204db3e17", size = 1839193, upload-time = "2024-06-25T01:07:44.741Z" },
    { url = "https://files.pythonhosted.org/packages/df/20/e1a1a03a9c116bd63d68dabd51250e76e45e3a849456b32dd8fb5148c817/pydantic_core-2.20.0-cp312-cp312-macosx_11_0_arm64.whl", hash = "sha256:ad1bd2f377f56fec11d5cfd0977c30061cd19f4fa199bf138b200ec0d5e27eeb", size = 1767120, upload-time = "2024-06-25T01:07:46.733Z" },
    { url = "https://files.pythonhosted.org/packages/51/05/b903f4fd7f34d8548534b1e21f972664f9a5d03b884781b86d3f422997ca/pydantic_core-2.20.0-cp312-cp312-manylinux_2_17_aarch64.manylinux2014_aarch64.whl", hash = "sha256:ed741183719a5271f97d93bbcc45ed64619fa38068aaa6e90027d1d17e30dc8d", size = 1789229, upload-time = "2024-06-25T01:07:48.759Z" },
    { url = "https://files.pythonhosted.org/packages/dc/d0/0686c898da81a339701fca5669bd8496c5923755d84dacb65c4d71dd2ab0/pydantic_core-2.20.0-cp312-cp312-manylinux_2_17_armv7l.manylinux2014_armv7l.whl", hash = "sha256:d82e5ed3a05f2dcb89c6ead2fd0dbff7ac09bc02c1b4028ece2d3a3854d049ce", size = 1773878, upload-time = "2024-06-25T01:07:51.244Z" },
    { url = "https://files.pythonhosted.org/packages/be/c3/3510274ee06bc18c7c43923be40a0fcd7510daf6df5fab41a70463302130/pydantic_core-2.20.0-cp312-cp312-manylinux_2_17_ppc64le.manylinux2014_ppc64le.whl", hash = "sha256:b2ba34a099576234671f2e4274e5bc6813b22e28778c216d680eabd0db3f7dad", size = 1975737, upload-time = "2024-06-25T01:07:53.233Z" },
    { url = "https://files.pythonhosted.org/packages/7c/23/f8a75d2f766f9fbe4a080c1ca2e00e2eb61f237b9d930976d0aba95cd691/pydantic_core-2.20.0-cp312-cp312-manylinux_2_17_s390x.manylinux2014_s390x.whl", hash = "sha256:879ae6bb08a063b3e1b7ac8c860096d8fd6b48dd9b2690b7f2738b8c835e744b", size = 2592099, upload-time = "2024-06-25T01:07:55.366Z" },
    { url = "https://files.pythonhosted.org/packages/99/6a/8c9e41bd2848e6f2a970f93f4cf0f2f62ce5248ab2b23b85dd7247069f1a/pydantic_core-2.20.0-cp312-cp312-manylinux_2_17_x86_64.manylinux2014_x86_64.whl", hash = "sha256:0b0eefc7633a04c0694340aad91fbfd1986fe1a1e0c63a22793ba40a18fcbdc8", size = 2100808, upload-time = "2024-06-25T01:07:57.52Z" },
    { url = "https://files.pythonhosted.org/packages/34/a9/33f27da3de0dfff881beca6c2e19b05f928f24ff3346c1ff6faae85f6cf4/pydantic_core-2.20.0-cp312-cp312-manylinux_2_5_i686.manylinux1_i686.whl", hash = "sha256:73deadd6fd8a23e2f40b412b3ac617a112143c8989a4fe265050fd91ba5c0608", size = 1900858, upload-time = "2024-06-25T01:08:00.177Z" },
    { url = "https://files.pythonhosted.org/packages/0c/00/fde56cd48a4ebb9d7dfe9e38aa14737be7349dd8d30de162955182e38e16/pydantic_core-2.20.0-cp312-cp312-musllinux_1_1_aarch64.whl", hash = "sha256:35681445dc85446fb105943d81ae7569aa7e89de80d1ca4ac3229e05c311bdb1", size = 1966902, upload-time = "2024-06-25T01:08:03.049Z" },
    { url = "https://files.pythonhosted.org/packages/de/dc/bc741bf0a400f983cab9e5d4feac936040c0fc7665a65da5bc6c8db275a2/pydantic_core-2.20.0-cp312-cp312-musllinux_1_1_x86_64.whl", hash = "sha256:0f6dd3612a3b9f91f2e63924ea18a4476656c6d01843ca20a4c09e00422195af", size = 2119825, upload-time = "2024-06-25T01:08:05.38Z" },
    { url = "https://files.pythonhosted.org/packages/a8/51/0d66a7a600f0e33eaeafb65ce5693a90130d00072eaecb184881dd5bd37a/pydantic_core-2.20.0-cp312-none-win32.whl", hash = "sha256:7e37b6bb6e90c2b8412b06373c6978d9d81e7199a40e24a6ef480e8acdeaf918", size = 1717259, upload-time = "2024-06-25T01:08:07.407Z" },
    { url = "https://files.pythonhosted.org/packages/4a/d4/ec35826073e92b0b37c2df2075b0aa7abecc2d8217480a90e864f7f3e39f/pydantic_core-2.20.0-cp312-none-win_amd64.whl", hash = "sha256:7d4df13d1c55e84351fab51383520b84f490740a9f1fec905362aa64590b7a5d", size = 1898028, upload-time = "2024-06-25T01:08:09.377Z" },
    { url = "https://files.pythonhosted.org/packages/82/0d/25e4087d8380fa696cbde556fa2694947038872d50cb01f86909d59fc4b4/pydantic_core-2.20.0-cp313-cp313-macosx_10_12_x86_64.whl", hash = "sha256:d43e7ab3b65e4dc35a7612cfff7b0fd62dce5bc11a7cd198310b57f39847fd6c", size = 1838761, upload-time = "2024-06-25T01:08:11.341Z" },
    { url = "https://files.pythonhosted.org/packages/cb/ac/42aa7ee25d816c9fed9fe1bf4ee11472ba8057814262c8f713fa010ed4d7/pydantic_core-2.20.0-cp313-cp313-manylinux_2_17_aarch64.manylinux2014_aarch64.whl", hash = "sha256:7b6a24d7b5893392f2b8e3b7a0031ae3b14c6c1942a4615f0d8794fdeeefb08b", size = 1789150, upload-time = "2024-06-25T01:08:13.62Z" },
    { url = "https://files.pythonhosted.org/packages/0b/3e/d93ae7810b35d44d8777768b561001eff279040580aebf71ce9c8e9a613f/pydantic_core-2.20.0-cp313-cp313-manylinux_2_17_armv7l.manylinux2014_armv7l.whl", hash = "sha256:b2f13c3e955a087c3ec86f97661d9f72a76e221281b2262956af381224cfc243", size = 1773533, upload-time = "2024-06-25T01:08:16.389Z" },
    { url = "https://files.pythonhosted.org/packages/f5/fd/a07dc6fcdf9e0b2f5e4c016dd74a188fc19311aceac89cee1fd2471e3b06/pydantic_core-2.20.0-cp313-cp313-manylinux_2_17_ppc64le.manylinux2014_ppc64le.whl", hash = "sha256:72432fd6e868c8d0a6849869e004b8bcae233a3c56383954c228316694920b38", size = 1975497, upload-time = "2024-06-25T01:08:18.481Z" },
    { url = "https://files.pythonhosted.org/packages/b8/d1/9148ea8c18212a297c6b256e0197268523f30e02057474157784c9f5835e/pydantic_core-2.20.0-cp313-cp313-manylinux_2_17_s390x.manylinux2014_s390x.whl", hash = "sha256:d70a8ff2d4953afb4cbe6211f17268ad29c0b47e73d3372f40e7775904bc28fc", size = 2591911, upload-time = "2024-06-25T01:08:20.678Z" },
    { url = "https://files.pythonhosted.org/packages/2a/fb/379309fab9af69d30c523978a971f8050d96bd3e36fb317b2c57bfd65548/pydantic_core-2.20.0-cp313-cp313-manylinux_2_17_x86_64.manylinux2014_x86_64.whl", hash = "sha256:8e49524917b8d3c2f42cd0d2df61178e08e50f5f029f9af1f402b3ee64574392", size = 2100735, upload-time = "2024-06-25T01:08:22.893Z" },
    { url = "https://files.pythonhosted.org/packages/6f/23/f100db088bb343a4a9e8d3085cb84d349bcf6004b101eebb5c8812226e23/pydantic_core-2.20.0-cp313-cp313-manylinux_2_5_i686.manylinux1_i686.whl", hash = "sha256:a4f0f71653b1c1bad0350bc0b4cc057ab87b438ff18fa6392533811ebd01439c", size = 1900739, upload-time = "2024-06-25T01:08:25.062Z" },
    { url = "https://files.pythonhosted.org/packages/10/4e/a4808cc751651329b7f0372454bbe486e79e7189b974748fba361abadecc/pydantic_core-2.20.0-cp313-cp313-musllinux_1_1_aarch64.whl", hash = "sha256:16197e6f4fdecb9892ed2436e507e44f0a1aa2cff3b9306d1c879ea2f9200997", size = 1966597, upload-time = "2024-06-25T01:08:27.216Z" },
    { url = "https://files.pythonhosted.org/packages/10/a8/1ce3a2af38c87890ad27d97f405cadab56aecdbf7e8e88dc39f45eeb63ab/pydantic_core-2.20.0-cp313-cp313-musllinux_1_1_x86_64.whl", hash = "sha256:763602504bf640b3ded3bba3f8ed8a1cc2fc6a87b8d55c1c5689f428c49c947e", size = 2119457, upload-time = "2024-06-25T01:08:29.72Z" },
    { url = "https://files.pythonhosted.org/packages/60/8c/1da883ec849c75256210db8370906a151898e5dce5be85ced7881e980a44/pydantic_core-2.20.0-cp313-none-win32.whl", hash = "sha256:a3f243f318bd9523277fa123b3163f4c005a3e8619d4b867064de02f287a564d", size = 1717499, upload-time = "2024-06-25T01:08:32.017Z" },
    { url = "https://files.pythonhosted.org/packages/59/04/475e9c2013aeb8d130d40818466b1f8eee017d2e3a5ecc3324211fe69c8f/pydantic_core-2.20.0-cp313-none-win_amd64.whl", hash = "sha256:03aceaf6a5adaad3bec2233edc5a7905026553916615888e53154807e404545c", size = 1923306, upload-time = "2024-06-25T01:08:35.099Z" },
]

[[package]]
name = "pyyaml"
version = "6.0.2"
source = { registry = "https://pypi.org/simple" }
sdist = { url = "https://files.pythonhosted.org/packages/54/ed/79a089b6be93607fa5cdaedf301d7dfb23af5f25c398d5ead2525b063e17/pyyaml-6.0.2.tar.gz", hash = "sha256:d584d9ec91ad65861cc08d42e834324ef890a082e591037abe114850ff7bbc3e", size = 130631, upload-time = "2024-08-06T20:33:50.674Z" }
wheels = [
    { url = "https://files.pythonhosted.org/packages/86/0c/c581167fc46d6d6d7ddcfb8c843a4de25bdd27e4466938109ca68492292c/PyYAML-6.0.2-cp312-cp312-macosx_10_9_x86_64.whl", hash = "sha256:c70c95198c015b85feafc136515252a261a84561b7b1d51e3384e0655ddf25ab", size = 183873, upload-time = "2024-08-06T20:32:25.131Z" },
    { url = "https://files.pythonhosted.org/packages/a8/0c/38374f5bb272c051e2a69281d71cba6fdb983413e6758b84482905e29a5d/PyYAML-6.0.2-cp312-cp312-macosx_11_0_arm64.whl", hash = "sha256:ce826d6ef20b1bc864f0a68340c8b3287705cae2f8b4b1d932177dcc76721725", size = 173302, upload-time = "2024-08-06T20:32:26.511Z" },
    { url = "https://files.pythonhosted.org/packages/c3/93/9916574aa8c00aa06bbac729972eb1071d002b8e158bd0e83a3b9a20a1f7/PyYAML-6.0.2-cp312-cp312-manylinux_2_17_aarch64.manylinux2014_aarch64.whl", hash = "sha256:1f71ea527786de97d1a0cc0eacd1defc0985dcf6b3f17bb77dcfc8c34bec4dc5", size = 739154, upload-time = "2024-08-06T20:32:28.363Z" },
    { url = "https://files.pythonhosted.org/packages/95/0f/b8938f1cbd09739c6da569d172531567dbcc9789e0029aa070856f123984/PyYAML-6.0.2-cp312-cp312-manylinux_2_17_s390x.manylinux2014_s390x.whl", hash = "sha256:9b22676e8097e9e22e36d6b7bda33190d0d400f345f23d4065d48f4ca7ae0425", size = 766223, upload-time = "2024-08-06T20:32:30.058Z" },
    { url = "https://files.pythonhosted.org/packages/b9/2b/614b4752f2e127db5cc206abc23a8c19678e92b23c3db30fc86ab731d3bd/PyYAML-6.0.2-cp312-cp312-manylinux_2_17_x86_64.manylinux2014_x86_64.whl", hash = "sha256:80bab7bfc629882493af4aa31a4cfa43a4c57c83813253626916b8c7ada83476", size = 767542, upload-time = "2024-08-06T20:32:31.881Z" },
    { url = "https://files.pythonhosted.org/packages/d4/00/dd137d5bcc7efea1836d6264f049359861cf548469d18da90cd8216cf05f/PyYAML-6.0.2-cp312-cp312-musllinux_1_1_aarch64.whl", hash = "sha256:0833f8694549e586547b576dcfaba4a6b55b9e96098b36cdc7ebefe667dfed48", size = 731164, upload-time = "2024-08-06T20:32:37.083Z" },
    { url = "https://files.pythonhosted.org/packages/c9/1f/4f998c900485e5c0ef43838363ba4a9723ac0ad73a9dc42068b12aaba4e4/PyYAML-6.0.2-cp312-cp312-musllinux_1_1_x86_64.whl", hash = "sha256:8b9c7197f7cb2738065c481a0461e50ad02f18c78cd75775628afb4d7137fb3b", size = 756611, upload-time = "2024-08-06T20:32:38.898Z" },
    { url = "https://files.pythonhosted.org/packages/df/d1/f5a275fdb252768b7a11ec63585bc38d0e87c9e05668a139fea92b80634c/PyYAML-6.0.2-cp312-cp312-win32.whl", hash = "sha256:ef6107725bd54b262d6dedcc2af448a266975032bc85ef0172c5f059da6325b4", size = 140591, upload-time = "2024-08-06T20:32:40.241Z" },
    { url = "https://files.pythonhosted.org/packages/0c/e8/4f648c598b17c3d06e8753d7d13d57542b30d56e6c2dedf9c331ae56312e/PyYAML-6.0.2-cp312-cp312-win_amd64.whl", hash = "sha256:7e7401d0de89a9a855c839bc697c079a4af81cf878373abd7dc625847d25cbd8", size = 156338, upload-time = "2024-08-06T20:32:41.93Z" },
    { url = "https://files.pythonhosted.org/packages/ef/e3/3af305b830494fa85d95f6d95ef7fa73f2ee1cc8ef5b495c7c3269fb835f/PyYAML-6.0.2-cp313-cp313-macosx_10_13_x86_64.whl", hash = "sha256:efdca5630322a10774e8e98e1af481aad470dd62c3170801852d752aa7a783ba", size = 181309, upload-time = "2024-08-06T20:32:43.4Z" },
    { url = "https://files.pythonhosted.org/packages/45/9f/3b1c20a0b7a3200524eb0076cc027a970d320bd3a6592873c85c92a08731/PyYAML-6.0.2-cp313-cp313-macosx_11_0_arm64.whl", hash = "sha256:50187695423ffe49e2deacb8cd10510bc361faac997de9efef88badc3bb9e2d1", size = 171679, upload-time = "2024-08-06T20:32:44.801Z" },
    { url = "https://files.pythonhosted.org/packages/7c/9a/337322f27005c33bcb656c655fa78325b730324c78620e8328ae28b64d0c/PyYAML-6.0.2-cp313-cp313-manylinux_2_17_aarch64.manylinux2014_aarch64.whl", hash = "sha256:0ffe8360bab4910ef1b9e87fb812d8bc0a308b0d0eef8c8f44e0254ab3b07133", size = 733428, upload-time = "2024-08-06T20:32:46.432Z" },
    { url = "https://files.pythonhosted.org/packages/a3/69/864fbe19e6c18ea3cc196cbe5d392175b4cf3d5d0ac1403ec3f2d237ebb5/PyYAML-6.0.2-cp313-cp313-manylinux_2_17_s390x.manylinux2014_s390x.whl", hash = "sha256:17e311b6c678207928d649faa7cb0d7b4c26a0ba73d41e99c4fff6b6c3276484", size = 763361, upload-time = "2024-08-06T20:32:51.188Z" },
    { url = "https://files.pythonhosted.org/packages/04/24/b7721e4845c2f162d26f50521b825fb061bc0a5afcf9a386840f23ea19fa/PyYAML-6.0.2-cp313-cp313-manylinux_2_17_x86_64.manylinux2014_x86_64.whl", hash = "sha256:70b189594dbe54f75ab3a1acec5f1e3faa7e8cf2f1e08d9b561cb41b845f69d5", size = 759523, upload-time = "2024-08-06T20:32:53.019Z" },
    { url = "https://files.pythonhosted.org/packages/2b/b2/e3234f59ba06559c6ff63c4e10baea10e5e7df868092bf9ab40e5b9c56b6/PyYAML-6.0.2-cp313-cp313-musllinux_1_1_aarch64.whl", hash = "sha256:41e4e3953a79407c794916fa277a82531dd93aad34e29c2a514c2c0c5fe971cc", size = 726660, upload-time = "2024-08-06T20:32:54.708Z" },
    { url = "https://files.pythonhosted.org/packages/fe/0f/25911a9f080464c59fab9027482f822b86bf0608957a5fcc6eaac85aa515/PyYAML-6.0.2-cp313-cp313-musllinux_1_1_x86_64.whl", hash = "sha256:68ccc6023a3400877818152ad9a1033e3db8625d899c72eacb5a668902e4d652", size = 751597, upload-time = "2024-08-06T20:32:56.985Z" },
    { url = "https://files.pythonhosted.org/packages/14/0d/e2c3b43bbce3cf6bd97c840b46088a3031085179e596d4929729d8d68270/PyYAML-6.0.2-cp313-cp313-win32.whl", hash = "sha256:bc2fa7c6b47d6bc618dd7fb02ef6fdedb1090ec036abab80d4681424b84c1183", size = 140527, upload-time = "2024-08-06T20:33:03.001Z" },
    { url = "https://files.pythonhosted.org/packages/fa/de/02b54f42487e3d3c6efb3f89428677074ca7bf43aae402517bc7cca949f3/PyYAML-6.0.2-cp313-cp313-win_amd64.whl", hash = "sha256:8388ee1976c416731879ac16da0aff3f63b286ffdd57cdeb95f3f2e085687563", size = 156446, upload-time = "2024-08-06T20:33:04.33Z" },
]

[[package]]
name = "redis"
version = "6.4.0"
source = { registry = "https://pypi.org/simple" }
sdist = { url = "https://files.pythonhosted.org/packages/0d/d6/e8b92798a5bd67d659d51a18170e91c16ac3b59738d91894651ee255ed49/redis-6.4.0.tar.gz", hash = "sha256:b01bc7282b8444e28ec36b261df5375183bb47a07eb9c603f284e89cbc5ef010", size = 4647399, upload-time = "2025-08-07T08:10:11.441Z" }
wheels = [
    { url = "https://files.pythonhosted.org/packages/e8/02/89e2ed7e85db6c93dfa9e8f691c5087df4e3551ab39081a4d7c6d1f90e05/redis-6.4.0-py3-none-any.whl", hash = "sha256:f0544fa9604264e9464cdf4814e7d4830f74b165d52f2a330a760a88dd248b7f", size = 279847, upload-time = "2025-08-07T08:10:09.84Z" },
]

[[package]]
name = "ruff"
version = "0.8.6"
source = { registry = "https://pypi.org/simple" }
sdist = { url = "https://files.pythonhosted.org/packages/da/00/089db7890ea3be5709e3ece6e46408d6f1e876026ec3fd081ee585fef209/ruff-0.8.6.tar.gz", hash = "sha256:dcad24b81b62650b0eb8814f576fc65cfee8674772a6e24c9b747911801eeaa5", size = 3473116, upload-time = "2025-01-04T12:23:00.794Z" }
wheels = [
    { url = "https://files.pythonhosted.org/packages/d7/28/aa07903694637c2fa394a9f4fe93cf861ad8b09f1282fa650ef07ff9fe97/ruff-0.8.6-py3-none-linux_armv6l.whl", hash = "sha256:defed167955d42c68b407e8f2e6f56ba52520e790aba4ca707a9c88619e580e3", size = 10628735, upload-time = "2025-01-04T12:21:53.632Z" },
    { url = "https://files.pythonhosted.org/packages/2b/43/827bb1448f1fcb0fb42e9c6edf8fb067ca8244923bf0ddf12b7bf949065c/ruff-0.8.6-py3-none-macosx_10_12_x86_64.whl", hash = "sha256:54799ca3d67ae5e0b7a7ac234baa657a9c1784b48ec954a094da7c206e0365b1", size = 10386758, upload-time = "2025-01-04T12:22:00.349Z" },
    { url = "https://files.pythonhosted.org/packages/df/93/fc852a81c3cd315b14676db3b8327d2bb2d7508649ad60bfdb966d60738d/ruff-0.8.6-py3-none-macosx_11_0_arm64.whl", hash = "sha256:e88b8f6d901477c41559ba540beeb5a671e14cd29ebd5683903572f4b40a9807", size = 10007808, upload-time = "2025-01-04T12:22:04.413Z" },
    { url = "https://files.pythonhosted.org/packages/94/e9/e0ed4af1794335fb280c4fac180f2bf40f6a3b859cae93a5a3ada27325ae/ruff-0.8.6-py3-none-manylinux_2_17_aarch64.manylinux2014_aarch64.whl", hash = "sha256:0509e8da430228236a18a677fcdb0c1f102dd26d5520f71f79b094963322ed25", size = 10861031, upload-time = "2025-01-04T12:22:09.252Z" },
    { url = "https://files.pythonhosted.org/packages/82/68/da0db02f5ecb2ce912c2bef2aa9fcb8915c31e9bc363969cfaaddbc4c1c2/ruff-0.8.6-py3-none-manylinux_2_17_armv7l.manylinux2014_armv7l.whl", hash = "sha256:91a7ddb221779871cf226100e677b5ea38c2d54e9e2c8ed847450ebbdf99b32d", size = 10388246, upload-time = "2025-01-04T12:22:12.63Z" },
    { url = "https://files.pythonhosted.org/packages/ac/1d/b85383db181639019b50eb277c2ee48f9f5168f4f7c287376f2b6e2a6dc2/ruff-0.8.6-py3-none-manylinux_2_17_i686.manylinux2014_i686.whl", hash = "sha256:248b1fb3f739d01d528cc50b35ee9c4812aa58cc5935998e776bf8ed5b251e75", size = 11424693, upload-time = "2025-01-04T12:22:17.244Z" },
    { url = "https://files.pythonhosted.org/packages/ac/b7/30bc78a37648d31bfc7ba7105b108cb9091cd925f249aa533038ebc5a96f/ruff-0.8.6-py3-none-manylinux_2_17_ppc64.manylinux2014_ppc64.whl", hash = "sha256:bc3c083c50390cf69e7e1b5a5a7303898966be973664ec0c4a4acea82c1d4315", size = 12141921, upload-time = "2025-01-04T12:22:20.456Z" },
    { url = "https://files.pythonhosted.org/packages/60/b3/ee0a14cf6a1fbd6965b601c88d5625d250b97caf0534181e151504498f86/ruff-0.8.6-py3-none-manylinux_2_17_ppc64le.manylinux2014_ppc64le.whl", hash = "sha256:52d587092ab8df308635762386f45f4638badb0866355b2b86760f6d3c076188", size = 11692419, upload-time = "2025-01-04T12:22:23.62Z" },
    { url = "https://files.pythonhosted.org/packages/ef/d6/c597062b2931ba3e3861e80bd2b147ca12b3370afc3889af46f29209037f/ruff-0.8.6-py3-none-manylinux_2_17_s390x.manylinux2014_s390x.whl", hash = "sha256:61323159cf21bc3897674e5adb27cd9e7700bab6b84de40d7be28c3d46dc67cf", size = 12981648, upload-time = "2025-01-04T12:22:26.663Z" },
    { url = "https://files.pythonhosted.org/packages/68/84/21f578c2a4144917985f1f4011171aeff94ab18dfa5303ac632da2f9af36/ruff-0.8.6-py3-none-manylinux_2_17_x86_64.manylinux2014_x86_64.whl", hash = "sha256:7ae4478b1471fc0c44ed52a6fb787e641a2ac58b1c1f91763bafbc2faddc5117", size = 11251801, upload-time = "2025-01-04T12:22:29.59Z" },
    { url = "https://files.pythonhosted.org/packages/6c/aa/1ac02537c8edeb13e0955b5db86b5c050a1dcba54f6d49ab567decaa59c1/ruff-0.8.6-py3-none-musllinux_1_2_aarch64.whl", hash = "sha256:0c000a471d519b3e6cfc9c6680025d923b4ca140ce3e4612d1a2ef58e11f11fe", size = 10849857, upload-time = "2025-01-04T12:22:33.536Z" },
    { url = "https://files.pythonhosted.org/packages/eb/00/020cb222252d833956cb3b07e0e40c9d4b984fbb2dc3923075c8f944497d/ruff-0.8.6-py3-none-musllinux_1_2_armv7l.whl", hash = "sha256:9257aa841e9e8d9b727423086f0fa9a86b6b420fbf4bf9e1465d1250ce8e4d8d", size = 10470852, upload-time = "2025-01-04T12:22:36.374Z" },
    { url = "https://files.pythonhosted.org/packages/00/56/e6d6578202a0141cd52299fe5acb38b2d873565f4670c7a5373b637cf58d/ruff-0.8.6-py3-none-musllinux_1_2_i686.whl", hash = "sha256:45a56f61b24682f6f6709636949ae8cc82ae229d8d773b4c76c09ec83964a95a", size = 10972997, upload-time = "2025-01-04T12:22:41.424Z" },
    { url = "https://files.pythonhosted.org/packages/be/31/dd0db1f4796bda30dea7592f106f3a67a8f00bcd3a50df889fbac58e2786/ruff-0.8.6-py3-none-musllinux_1_2_x86_64.whl", hash = "sha256:496dd38a53aa173481a7d8866bcd6451bd934d06976a2505028a50583e001b76", size = 11317760, upload-time = "2025-01-04T12:22:44.541Z" },
    { url = "https://files.pythonhosted.org/packages/d4/70/cfcb693dc294e034c6fed837fa2ec98b27cc97a26db5d049345364f504bf/ruff-0.8.6-py3-none-win32.whl", hash = "sha256:e169ea1b9eae61c99b257dc83b9ee6c76f89042752cb2d83486a7d6e48e8f764", size = 8799729, upload-time = "2025-01-04T12:22:49.016Z" },
    { url = "https://files.pythonhosted.org/packages/60/22/ae6bcaa0edc83af42751bd193138bfb7598b2990939d3e40494d6c00698c/ruff-0.8.6-py3-none-win_amd64.whl", hash = "sha256:f1d70bef3d16fdc897ee290d7d20da3cbe4e26349f62e8a0274e7a3f4ce7a905", size = 9673857, upload-time = "2025-01-04T12:22:53.052Z" },
    { url = "https://files.pythonhosted.org/packages/91/f8/3765e053acd07baa055c96b2065c7fab91f911b3c076dfea71006666f5b0/ruff-0.8.6-py3-none-win_arm64.whl", hash = "sha256:7d7fc2377a04b6e04ffe588caad613d0c460eb2ecba4c0ccbbfe2bc973cbc162", size = 9149556, upload-time = "2025-01-04T12:22:57.173Z" },
]

[[package]]
name = "sqlparse"
version = "0.5.3"
source = { registry = "https://pypi.org/simple" }
sdist = { url = "https://files.pythonhosted.org/packages/e5/40/edede8dd6977b0d3da179a342c198ed100dd2aba4be081861ee5911e4da4/sqlparse-0.5.3.tar.gz", hash = "sha256:09f67787f56a0b16ecdbde1bfc7f5d9c3371ca683cfeaa8e6ff60b4807ec9272", size = 84999, upload-time = "2024-12-10T12:05:30.728Z" }
wheels = [
    { url = "https://files.pythonhosted.org/packages/a9/5c/bfd6bd0bf979426d405cc6e71eceb8701b148b16c21d2dc3c261efc61c7b/sqlparse-0.5.3-py3-none-any.whl", hash = "sha256:cf2196ed3418f3ba5de6af7e82c694a9fbdbfecccdfc72e281548517081f16ca", size = 44415, upload-time = "2024-12-10T12:05:27.824Z" },
]

[[package]]
name = "typing-extensions"
version = "4.14.1"
source = { registry = "https://pypi.org/simple" }
sdist = { url = "https://files.pythonhosted.org/packages/98/5a/da40306b885cc8c09109dc2e1abd358d5684b1425678151cdaed4731c822/typing_extensions-4.14.1.tar.gz", hash = "sha256:38b39f4aeeab64884ce9f74c94263ef78f3c22467c8724005483154c26648d36", size = 107673, upload-time = "2025-07-04T13:28:34.16Z" }
wheels = [
    { url = "https://files.pythonhosted.org/packages/b5/00/d631e67a838026495268c2f6884f3711a15a9a2a96cd244fdaea53b823fb/typing_extensions-4.14.1-py3-none-any.whl", hash = "sha256:d1e1e3b58374dc93031d6eda2420a48ea44a36c2b4766a4fdeb3710755731d76", size = 43906, upload-time = "2025-07-04T13:28:32.743Z" },
]

[[package]]
name = "tzdata"
version = "2025.2"
source = { registry = "https://pypi.org/simple" }
sdist = { url = "https://files.pythonhosted.org/packages/95/32/1a225d6164441be760d75c2c42e2780dc0873fe382da3e98a2e1e48361e5/tzdata-2025.2.tar.gz", hash = "sha256:b60a638fcc0daffadf82fe0f57e53d06bdec2f36c4df66280ae79bce6bd6f2b9", size = 196380, upload-time = "2025-03-23T13:54:43.652Z" }
wheels = [
    { url = "https://files.pythonhosted.org/packages/5c/23/c7abc0ca0a1526a0774eca151daeb8de62ec457e77262b66b359c3c7679e/tzdata-2025.2-py2.py3-none-any.whl", hash = "sha256:1a403fada01ff9221ca8044d701868fa132215d84beb92242d9acd2147f667a8", size = 347839, upload-time = "2025-03-23T13:54:41.845Z" },
]

[[package]]
name = "virtualenv"
version = "20.33.1"
source = { registry = "https://pypi.org/simple" }
dependencies = [
    { name = "distlib" },
    { name = "filelock" },
    { name = "platformdirs" },
]
sdist = { url = "https://files.pythonhosted.org/packages/8b/60/4f20960df6c7b363a18a55ab034c8f2bcd5d9770d1f94f9370ec104c1855/virtualenv-20.33.1.tar.gz", hash = "sha256:1b44478d9e261b3fb8baa5e74a0ca3bc0e05f21aa36167bf9cbf850e542765b8", size = 6082160, upload-time = "2025-08-05T16:10:55.605Z" }
wheels = [
    { url = "https://files.pythonhosted.org/packages/ca/ff/ded57ac5ff40a09e6e198550bab075d780941e0b0f83cbeabd087c59383a/virtualenv-20.33.1-py3-none-any.whl", hash = "sha256:07c19bc66c11acab6a5958b815cbcee30891cd1c2ccf53785a28651a0d8d8a67", size = 6060362, upload-time = "2025-08-05T16:10:52.81Z" },
]
